{
  "name": "@youn-cli/exec",
  "version": "1.0.1",
  "lockfileVersion": 2,
  "requires": true,
  "packages": {
    "": {
      "name": "@youn-cli/exec",
      "version": "1.0.1",
      "license": "ISC",
      "dependencies": {
        "@youn-cli/log": "file:../../utils/log",
        "@youn-cli/package": "file:../../modules/package"
      }
    },
    "../../modules/package": {
      "name": "@youn-cli/package",
      "version": "1.0.1",
      "license": "ISC",
      "dependencies": {
        "@youn-cli/format-path": "file:../../utils/format-path",
        "@youn-cli/get-npm-info": "file:../../utils/get-npm-info",
        "@youn-cli/utils": "file:../../utils/utils",
        "fs-extra": "^9.0.1",
        "npminstall": "^5.8.0",
        "path-exists": "^4.0.0",
        "pkg-dir": "^4.2.0"
      }
    },
    "../../utils/log": {
      "name": "@youn-cli/log",
      "version": "1.0.1",
      "license": "ISC",
      "dependencies": {
        "npmlog": "^6.0.1"
      }
    },
    "node_modules/@youn-cli/log": {
      "resolved": "../../utils/log",
      "link": true
    },
    "node_modules/@youn-cli/package": {
      "resolved": "../../modules/package",
      "link": true
    }
  },
  "dependencies": {
    "@youn-cli/log": {
      "version": "file:../../utils/log",
      "requires": {
        "npmlog": "^6.0.1"
      }
    },
    "@youn-cli/package": {
      "version": "file:../../modules/package",
      "requires": {
        "@youn-cli/format-path": "file:../../utils/format-path",
        "@youn-cli/get-npm-info": "file:../../utils/get-npm-info",
        "@youn-cli/utils": "file:../../utils/utils",
        "fs-extra": "^9.0.1",
        "npminstall": "^5.8.0",
        "path-exists": "^4.0.0",
        "pkg-dir": "^4.2.0"
      }
    }
  }
}
